
Microsoft Visual Studio Solution File, Format Version 12.00
# Visual Studio Version 16
VisualStudioVersion = 16.0.29911.84
MinimumVisualStudioVersion = 10.0.40219.1
Project("{8BC9CEB8-8B4A-11D0-8D11-00A0C91BC942}") = "Functions", "Functions\Functions.vcxproj", "{CFF2B538-A12B-4903-B85E-9FC80306BAEE}"
EndProject
Project("{8BC9CEB8-8B4A-11D0-8D11-00A0C91BC942}") = "Arrays", "Arrays\Arrays.vcxproj", "{56C8467E-0488-40A2-9701-159511032A3B}"
EndProject
Project("{8BC9CEB8-8B4A-11D0-8D11-00A0C91BC942}") = "Recursion", "Recursion\Recursion.vcxproj", "{DA5A518B-85A6-4E98-93CD-FC8A3FDCCC88}"
EndProject
Global
	GlobalSection(SolutionConfigurationPlatforms) = preSolution
		Debug|x64 = Debug|x64
		Debug|x86 = Debug|x86
		Release|x64 = Release|x64
		Release|x86 = Release|x86
	EndGlobalSection
	GlobalSection(ProjectConfigurationPlatforms) = postSolution
		{CFF2B538-A12B-4903-B85E-9FC80306BAEE}.Debug|x64.ActiveCfg = Debug|x64
		{CFF2B538-A12B-4903-B85E-9FC80306BAEE}.Debug|x64.Build.0 = Debug|x64
		{CFF2B538-A12B-4903-B85E-9FC80306BAEE}.Debug|x86.ActiveCfg = Debug|Win32
		{CFF2B538-A12B-4903-B85E-9FC80306BAEE}.Debug|x86.Build.0 = Debug|Win32
		{CFF2B538-A12B-4903-B85E-9FC80306BAEE}.Release|x64.ActiveCfg = Release|x64
		{CFF2B538-A12B-4903-B85E-9FC80306BAEE}.Release|x64.Build.0 = Release|x64
		{CFF2B538-A12B-4903-B85E-9FC80306BAEE}.Release|x86.ActiveCfg = Release|Win32
		{CFF2B538-A12B-4903-B85E-9FC80306BAEE}.Release|x86.Build.0 = Release|Win32
		{56C8467E-0488-40A2-9701-159511032A3B}.Debug|x64.ActiveCfg = Debug|x64
		{56C8467E-0488-40A2-9701-159511032A3B}.Debug|x64.Build.0 = Debug|x64
		{56C8467E-0488-40A2-9701-159511032A3B}.Debug|x86.ActiveCfg = Debug|Win32
		{56C8467E-0488-40A2-9701-159511032A3B}.Debug|x86.Build.0 = Debug|Win32
		{56C8467E-0488-40A2-9701-159511032A3B}.Release|x64.ActiveCfg = Release|x64
		{56C8467E-0488-40A2-9701-159511032A3B}.Release|x64.Build.0 = Release|x64
		{56C8467E-0488-40A2-9701-159511032A3B}.Release|x86.ActiveCfg = Release|Win32
		{56C8467E-0488-40A2-9701-159511032A3B}.Release|x86.Build.0 = Release|Win32
		{DA5A518B-85A6-4E98-93CD-FC8A3FDCCC88}.Debug|x64.ActiveCfg = Debug|x64
		{DA5A518B-85A6-4E98-93CD-FC8A3FDCCC88}.Debug|x64.Build.0 = Debug|x64
		{DA5A518B-85A6-4E98-93CD-FC8A3FDCCC88}.Debug|x86.ActiveCfg = Debug|Win32
		{DA5A518B-85A6-4E98-93CD-FC8A3FDCCC88}.Debug|x86.Build.0 = Debug|Win32
		{DA5A518B-85A6-4E98-93CD-FC8A3FDCCC88}.Release|x64.ActiveCfg = Release|x64
		{DA5A518B-85A6-4E98-93CD-FC8A3FDCCC88}.Release|x64.Build.0 = Release|x64
		{DA5A518B-85A6-4E98-93CD-FC8A3FDCCC88}.Release|x86.ActiveCfg = Release|Win32
		{DA5A518B-85A6-4E98-93CD-FC8A3FDCCC88}.Release|x86.Build.0 = Release|Win32
	EndGlobalSection
	GlobalSection(SolutionProperties) = preSolution
		HideSolutionNode = FALSE
	EndGlobalSection
	GlobalSection(ExtensibilityGlobals) = postSolution
		SolutionGuid = {1B26AB48-87EC-4A5F-BE47-CC67498EA936}
	EndGlobalSection
EndGlobal
